
Microsoft Visual Studio Solution File, Format Version 12.00
# Visual Studio Version 17
VisualStudioVersion = 17.10.34916.146
MinimumVisualStudioVersion = 10.0.40219.1
Project("{FAE04EC0-301F-11D3-BF4B-00C04F79EFBC}") = "GameZone", "GameZone.csproj", "{C274B158-2478-4E42-B908-927FC4B3209B}"
EndProject
Global
	GlobalSection(SolutionConfigurationPlatforms) = preSolution
		Debug|Any CPU = Debug|Any CPU
		Release|Any CPU = Release|Any CPU
	EndGlobalSection
	GlobalSection(ProjectConfigurationPlatforms) = postSolution
		{C274B158-2478-4E42-B908-927FC4B3209B}.Debug|Any CPU.ActiveCfg = Debug|Any CPU
		{C274B158-2478-4E42-B908-927FC4B3209B}.Debug|Any CPU.Build.0 = Debug|Any CPU
		{C274B158-2478-4E42-B908-927FC4B3209B}.Release|Any CPU.ActiveCfg = Release|Any CPU
		{C274B158-2478-4E42-B908-927FC4B3209B}.Release|Any CPU.Build.0 = Release|Any CPU
	EndGlobalSection
	GlobalSection(SolutionProperties) = preSolution
		HideSolutionNode = FALSE
	EndGlobalSection
	GlobalSection(ExtensibilityGlobals) = postSolution
		SolutionGuid = {2D4F7BD8-7068-4983-A101-E30B4F534AF6}
	EndGlobalSection
EndGlobal
